
Microsoft Visual Studio Solution File, Format Version 9.00
# Visual Studio 2005
Project("{8BC9CEB8-8B4A-11D0-8D11-00A0C91BC942}") = "nvtt", "..\sources\3rd party\nvtt\bld-vs2005\nvtt.vcproj", "{938E23B7-2436-4ECC-B960-6894655447F1}"
EndProject
Project("{8BC9CEB8-8B4A-11D0-8D11-00A0C91BC942}") = "xray_re", "..\sources\xray_re\bld-vs2005\xray_re.vcproj", "{7ADF7F28-CC62-489D-81EB-B4922F0611CB}"
	ProjectSection(ProjectDependencies) = postProject
		{938E23B7-2436-4ECC-B960-6894655447F1} = {938E23B7-2436-4ECC-B960-6894655447F1}
	EndProjectSection
EndProject
Project("{8BC9CEB8-8B4A-11D0-8D11-00A0C91BC942}") = "converter", "..\sources\utils\converter\bld-vs2005\converter.vcproj", "{251A6DE4-30F3-43A4-8315-AB4E306BD58D}"
	ProjectSection(ProjectDependencies) = postProject
		{CEBDE98B-A6AA-46E6-BC79-FAAF823DB9EC} = {CEBDE98B-A6AA-46E6-BC79-FAAF823DB9EC}
		{7ADF7F28-CC62-489D-81EB-B4922F0611CB} = {7ADF7F28-CC62-489D-81EB-B4922F0611CB}
	EndProjectSection
EndProject
Project("{8BC9CEB8-8B4A-11D0-8D11-00A0C91BC942}") = "aiwrapper", "..\sources\utils\aiwrapper\bld-vs2005\aiwrapper.vcproj", "{05DE5C01-AA87-47F2-ADAA-7D078F6FFBB5}"
	ProjectSection(ProjectDependencies) = postProject
		{7ADF7F28-CC62-489D-81EB-B4922F0611CB} = {7ADF7F28-CC62-489D-81EB-B4922F0611CB}
	EndProjectSection
EndProject
Project("{2150E333-8FDC-42A3-9474-1A3956D46DE8}") = "3rd party", "3rd party", "{CC083821-BBEE-453A-93DC-5A1EEB84E724}"
EndProject
Project("{2150E333-8FDC-42A3-9474-1A3956D46DE8}") = "plugins", "plugins", "{6E30EAAA-1BF8-443A-B9DD-630C61DAFF59}"
EndProject
Project("{2150E333-8FDC-42A3-9474-1A3956D46DE8}") = "utils", "utils", "{CD761B81-85D1-44A4-9AEC-AB0B76725F13}"
EndProject
Project("{2150E333-8FDC-42A3-9474-1A3956D46DE8}") = "parsers", "parsers", "{21090561-649B-4C3E-81D9-D9A08F53907D}"
EndProject
Project("{2150E333-8FDC-42A3-9474-1A3956D46DE8}") = "max_object", "max_object", "{E1FD1E2C-FC17-44C8-A35D-FDED313E73D8}"
EndProject
Project("{8BC9CEB8-8B4A-11D0-8D11-00A0C91BC942}") = "max_object90", "..\sources\plugins\max_object\bld-vs2005\max_object90.vcproj", "{FB121685-00D9-4358-966E-F16220C57507}"
EndProject
Project("{8BC9CEB8-8B4A-11D0-8D11-00A0C91BC942}") = "ogfsmda", "..\sources\utils\ogfsmda\ogfsmda2005.vcproj", "{45675BA2-0159-409D-8302-876DDB232053}"
EndProject
Project("{8BC9CEB8-8B4A-11D0-8D11-00A0C91BC942}") = "parse_lev", "..\sources\utils\parsers\parse_lev\parse_lev2005.vcproj", "{12B4F25E-B42E-413C-BCA6-BDC442689460}"
EndProject
Project("{8BC9CEB8-8B4A-11D0-8D11-00A0C91BC942}") = "parse_obj", "..\sources\utils\parsers\parse_obj\parse_obj2005.vcproj", "{69D2F53D-33BC-4A9F-9EEB-722B2AC453A7}"
EndProject
Project("{8BC9CEB8-8B4A-11D0-8D11-00A0C91BC942}") = "parse_ogf", "..\sources\utils\parsers\parse_ogf\parse_ogf2005.vcproj", "{4DE251D8-5FB3-437C-97E0-E3226E5B5BA4}"
EndProject
Project("{8BC9CEB8-8B4A-11D0-8D11-00A0C91BC942}") = "ms3d_export", "..\sources\plugins\ms3d_export\bld-vs2005\ms3d_export.vcproj", "{3654E3D8-ECAB-4800-97AC-1034D7D169D4}"
	ProjectSection(ProjectDependencies) = postProject
		{7ADF7F28-CC62-489D-81EB-B4922F0611CB} = {7ADF7F28-CC62-489D-81EB-B4922F0611CB}
	EndProjectSection
EndProject
Project("{8BC9CEB8-8B4A-11D0-8D11-00A0C91BC942}") = "ms3d_import", "..\sources\plugins\ms3d_import\bld-vs2005\ms3d_import.vcproj", "{C28B4754-2914-4255-94C9-17ACFE443585}"
	ProjectSection(ProjectDependencies) = postProject
		{7ADF7F28-CC62-489D-81EB-B4922F0611CB} = {7ADF7F28-CC62-489D-81EB-B4922F0611CB}
	EndProjectSection
EndProject
Project("{8BC9CEB8-8B4A-11D0-8D11-00A0C91BC942}") = "maya_tools", "..\sources\plugins\maya_tools\bld-vs2005\maya_tools.vcproj", "{83534E46-A188-4F8E-AFF3-9EC9E87DB537}"
	ProjectSection(ProjectDependencies) = postProject
		{7ADF7F28-CC62-489D-81EB-B4922F0611CB} = {7ADF7F28-CC62-489D-81EB-B4922F0611CB}
	EndProjectSection
EndProject
Project("{8BC9CEB8-8B4A-11D0-8D11-00A0C91BC942}") = "ogf2obj", "..\sources\utils\ogf2obj\ogf2obj2005.vcproj", "{2452AC95-6350-401A-8A01-C494B2CF3482}"
EndProject
Project("{8BC9CEB8-8B4A-11D0-8D11-00A0C91BC942}") = "makeogf", "..\sources\utils\make_ogf\make_ogf2005.vcproj", "{C561C1B1-A211-4CEC-BBC2-BC85D81DA119}"
EndProject
Project("{8BC9CEB8-8B4A-11D0-8D11-00A0C91BC942}") = "libogg_static", "..\sources\3rd party\libogg\win32\VS2005\libogg_static.vcproj", "{15CBFEFF-7965-41F5-B4E2-21E8795C9159}"
EndProject
Project("{8BC9CEB8-8B4A-11D0-8D11-00A0C91BC942}") = "libvorbisfile", "..\sources\3rd party\libvorbis\win32\VS2005\libvorbisfile\libvorbisfile_static.vcproj", "{CEBDE98B-A6AA-46E6-BC79-FAAF823DB9EC}"
	ProjectSection(ProjectDependencies) = postProject
		{15CBFEFF-7965-41F5-B4E2-21E8795C9159} = {15CBFEFF-7965-41F5-B4E2-21E8795C9159}
	EndProjectSection
EndProject
Project("{8BC9CEB8-8B4A-11D0-8D11-00A0C91BC942}") = "libvorbis_static", "..\sources\3rd party\libvorbis\win32\VS2005\libvorbis\libvorbis_static.vcproj", "{3A214E06-B95E-4D61-A291-1F8DF2EC10FD}"
EndProject
Project("{8BC9CEB8-8B4A-11D0-8D11-00A0C91BC942}") = "ttuner", "..\garbage\ttuner\ttuner.vcproj", "{0C54D5E3-74FE-4731-B287-8078451EFECB}"
EndProject
Global
	GlobalSection(SolutionConfigurationPlatforms) = preSolution
		Debug|Win32 = Debug|Win32
		Debug|x64 = Debug|x64
		Release_CUDA|Win32 = Release_CUDA|Win32
		Release_CUDA|x64 = Release_CUDA|x64
		Release|Win32 = Release|Win32
		Release|x64 = Release|x64
	EndGlobalSection
	GlobalSection(ProjectConfigurationPlatforms) = postSolution
		{938E23B7-2436-4ECC-B960-6894655447F1}.Debug|Win32.ActiveCfg = Debug|Win32
		{938E23B7-2436-4ECC-B960-6894655447F1}.Debug|Win32.Build.0 = Debug|Win32
		{938E23B7-2436-4ECC-B960-6894655447F1}.Debug|x64.ActiveCfg = Debug|x64
		{938E23B7-2436-4ECC-B960-6894655447F1}.Debug|x64.Build.0 = Debug|x64
		{938E23B7-2436-4ECC-B960-6894655447F1}.Release_CUDA|Win32.ActiveCfg = Release_CUDA|Win32
		{938E23B7-2436-4ECC-B960-6894655447F1}.Release_CUDA|Win32.Build.0 = Release_CUDA|Win32
		{938E23B7-2436-4ECC-B960-6894655447F1}.Release_CUDA|x64.ActiveCfg = Release_CUDA|x64
		{938E23B7-2436-4ECC-B960-6894655447F1}.Release_CUDA|x64.Build.0 = Release_CUDA|x64
		{938E23B7-2436-4ECC-B960-6894655447F1}.Release|Win32.ActiveCfg = Release|Win32
		{938E23B7-2436-4ECC-B960-6894655447F1}.Release|Win32.Build.0 = Release|Win32
		{938E23B7-2436-4ECC-B960-6894655447F1}.Release|x64.ActiveCfg = Release|x64
		{938E23B7-2436-4ECC-B960-6894655447F1}.Release|x64.Build.0 = Release|x64
		{7ADF7F28-CC62-489D-81EB-B4922F0611CB}.Debug|Win32.ActiveCfg = Debug|Win32
		{7ADF7F28-CC62-489D-81EB-B4922F0611CB}.Debug|Win32.Build.0 = Debug|Win32
		{7ADF7F28-CC62-489D-81EB-B4922F0611CB}.Debug|x64.ActiveCfg = Debug|x64
		{7ADF7F28-CC62-489D-81EB-B4922F0611CB}.Debug|x64.Build.0 = Debug|x64
		{7ADF7F28-CC62-489D-81EB-B4922F0611CB}.Release_CUDA|Win32.ActiveCfg = Release_CUDA|Win32
		{7ADF7F28-CC62-489D-81EB-B4922F0611CB}.Release_CUDA|Win32.Build.0 = Release_CUDA|Win32
		{7ADF7F28-CC62-489D-81EB-B4922F0611CB}.Release_CUDA|x64.ActiveCfg = Release_CUDA|x64
		{7ADF7F28-CC62-489D-81EB-B4922F0611CB}.Release_CUDA|x64.Build.0 = Release_CUDA|x64
		{7ADF7F28-CC62-489D-81EB-B4922F0611CB}.Release|Win32.ActiveCfg = Release|Win32
		{7ADF7F28-CC62-489D-81EB-B4922F0611CB}.Release|Win32.Build.0 = Release|Win32
		{7ADF7F28-CC62-489D-81EB-B4922F0611CB}.Release|x64.ActiveCfg = Release|x64
		{7ADF7F28-CC62-489D-81EB-B4922F0611CB}.Release|x64.Build.0 = Release|x64
		{251A6DE4-30F3-43A4-8315-AB4E306BD58D}.Debug|Win32.ActiveCfg = Debug|Win32
		{251A6DE4-30F3-43A4-8315-AB4E306BD58D}.Debug|Win32.Build.0 = Debug|Win32
		{251A6DE4-30F3-43A4-8315-AB4E306BD58D}.Debug|x64.ActiveCfg = Debug|x64
		{251A6DE4-30F3-43A4-8315-AB4E306BD58D}.Debug|x64.Build.0 = Debug|x64
		{251A6DE4-30F3-43A4-8315-AB4E306BD58D}.Release_CUDA|Win32.ActiveCfg = Release_CUDA|Win32
		{251A6DE4-30F3-43A4-8315-AB4E306BD58D}.Release_CUDA|Win32.Build.0 = Release_CUDA|Win32
		{251A6DE4-30F3-43A4-8315-AB4E306BD58D}.Release_CUDA|x64.ActiveCfg = Release_CUDA|x64
		{251A6DE4-30F3-43A4-8315-AB4E306BD58D}.Release_CUDA|x64.Build.0 = Release_CUDA|x64
		{251A6DE4-30F3-43A4-8315-AB4E306BD58D}.Release|Win32.ActiveCfg = Release|Win32
		{251A6DE4-30F3-43A4-8315-AB4E306BD58D}.Release|Win32.Build.0 = Release|Win32
		{251A6DE4-30F3-43A4-8315-AB4E306BD58D}.Release|x64.ActiveCfg = Release|x64
		{251A6DE4-30F3-43A4-8315-AB4E306BD58D}.Release|x64.Build.0 = Release|x64
		{05DE5C01-AA87-47F2-ADAA-7D078F6FFBB5}.Debug|Win32.ActiveCfg = Debug|Win32
		{05DE5C01-AA87-47F2-ADAA-7D078F6FFBB5}.Debug|Win32.Build.0 = Debug|Win32
		{05DE5C01-AA87-47F2-ADAA-7D078F6FFBB5}.Debug|x64.ActiveCfg = Debug|x64
		{05DE5C01-AA87-47F2-ADAA-7D078F6FFBB5}.Debug|x64.Build.0 = Debug|x64
		{05DE5C01-AA87-47F2-ADAA-7D078F6FFBB5}.Release_CUDA|Win32.ActiveCfg = Release_CUDA|Win32
		{05DE5C01-AA87-47F2-ADAA-7D078F6FFBB5}.Release_CUDA|Win32.Build.0 = Release_CUDA|Win32
		{05DE5C01-AA87-47F2-ADAA-7D078F6FFBB5}.Release_CUDA|x64.ActiveCfg = Release_CUDA|x64
		{05DE5C01-AA87-47F2-ADAA-7D078F6FFBB5}.Release_CUDA|x64.Build.0 = Release_CUDA|x64
		{05DE5C01-AA87-47F2-ADAA-7D078F6FFBB5}.Release|Win32.ActiveCfg = Release|Win32
		{05DE5C01-AA87-47F2-ADAA-7D078F6FFBB5}.Release|Win32.Build.0 = Release|Win32
		{05DE5C01-AA87-47F2-ADAA-7D078F6FFBB5}.Release|x64.ActiveCfg = Release|x64
		{05DE5C01-AA87-47F2-ADAA-7D078F6FFBB5}.Release|x64.Build.0 = Release|x64
		{FB121685-00D9-4358-966E-F16220C57507}.Debug|Win32.ActiveCfg = Debug|Win32
		{FB121685-00D9-4358-966E-F16220C57507}.Debug|Win32.Build.0 = Debug|Win32
		{FB121685-00D9-4358-966E-F16220C57507}.Debug|x64.ActiveCfg = Debug|Win32
		{FB121685-00D9-4358-966E-F16220C57507}.Release_CUDA|Win32.ActiveCfg = Release_CUDA|Win32
		{FB121685-00D9-4358-966E-F16220C57507}.Release_CUDA|Win32.Build.0 = Release_CUDA|Win32
		{FB121685-00D9-4358-966E-F16220C57507}.Release_CUDA|x64.ActiveCfg = Release_CUDA|Win32
		{FB121685-00D9-4358-966E-F16220C57507}.Release|Win32.ActiveCfg = Release|Win32
		{FB121685-00D9-4358-966E-F16220C57507}.Release|Win32.Build.0 = Release|Win32
		{FB121685-00D9-4358-966E-F16220C57507}.Release|x64.ActiveCfg = Release|Win32
		{45675BA2-0159-409D-8302-876DDB232053}.Debug|Win32.ActiveCfg = Debug|Win32
		{45675BA2-0159-409D-8302-876DDB232053}.Debug|Win32.Build.0 = Debug|Win32
		{45675BA2-0159-409D-8302-876DDB232053}.Debug|x64.ActiveCfg = Debug|Win32
		{45675BA2-0159-409D-8302-876DDB232053}.Release_CUDA|Win32.ActiveCfg = Release_CUDA|Win32
		{45675BA2-0159-409D-8302-876DDB232053}.Release_CUDA|Win32.Build.0 = Release_CUDA|Win32
		{45675BA2-0159-409D-8302-876DDB232053}.Release_CUDA|x64.ActiveCfg = Release_CUDA|Win32
		{45675BA2-0159-409D-8302-876DDB232053}.Release|Win32.ActiveCfg = Release|Win32
		{45675BA2-0159-409D-8302-876DDB232053}.Release|Win32.Build.0 = Release|Win32
		{45675BA2-0159-409D-8302-876DDB232053}.Release|x64.ActiveCfg = Release|Win32
		{12B4F25E-B42E-413C-BCA6-BDC442689460}.Debug|Win32.ActiveCfg = Debug|Win32
		{12B4F25E-B42E-413C-BCA6-BDC442689460}.Debug|Win32.Build.0 = Debug|Win32
		{12B4F25E-B42E-413C-BCA6-BDC442689460}.Debug|x64.ActiveCfg = Debug|Win32
		{12B4F25E-B42E-413C-BCA6-BDC442689460}.Release_CUDA|Win32.ActiveCfg = Release_CUDA|Win32
		{12B4F25E-B42E-413C-BCA6-BDC442689460}.Release_CUDA|Win32.Build.0 = Release_CUDA|Win32
		{12B4F25E-B42E-413C-BCA6-BDC442689460}.Release_CUDA|x64.ActiveCfg = Release_CUDA|Win32
		{12B4F25E-B42E-413C-BCA6-BDC442689460}.Release|Win32.ActiveCfg = Release|Win32
		{12B4F25E-B42E-413C-BCA6-BDC442689460}.Release|Win32.Build.0 = Release|Win32
		{12B4F25E-B42E-413C-BCA6-BDC442689460}.Release|x64.ActiveCfg = Release|Win32
		{69D2F53D-33BC-4A9F-9EEB-722B2AC453A7}.Debug|Win32.ActiveCfg = Debug|Win32
		{69D2F53D-33BC-4A9F-9EEB-722B2AC453A7}.Debug|Win32.Build.0 = Debug|Win32
		{69D2F53D-33BC-4A9F-9EEB-722B2AC453A7}.Debug|x64.ActiveCfg = Debug|Win32
		{69D2F53D-33BC-4A9F-9EEB-722B2AC453A7}.Release_CUDA|Win32.ActiveCfg = Release_CUDA|Win32
		{69D2F53D-33BC-4A9F-9EEB-722B2AC453A7}.Release_CUDA|Win32.Build.0 = Release_CUDA|Win32
		{69D2F53D-33BC-4A9F-9EEB-722B2AC453A7}.Release_CUDA|x64.ActiveCfg = Release_CUDA|Win32
		{69D2F53D-33BC-4A9F-9EEB-722B2AC453A7}.Release|Win32.ActiveCfg = Release|Win32
		{69D2F53D-33BC-4A9F-9EEB-722B2AC453A7}.Release|Win32.Build.0 = Release|Win32
		{69D2F53D-33BC-4A9F-9EEB-722B2AC453A7}.Release|x64.ActiveCfg = Release|Win32
		{4DE251D8-5FB3-437C-97E0-E3226E5B5BA4}.Debug|Win32.ActiveCfg = Debug|Win32
		{4DE251D8-5FB3-437C-97E0-E3226E5B5BA4}.Debug|Win32.Build.0 = Debug|Win32
		{4DE251D8-5FB3-437C-97E0-E3226E5B5BA4}.Debug|x64.ActiveCfg = Debug|Win32
		{4DE251D8-5FB3-437C-97E0-E3226E5B5BA4}.Release_CUDA|Win32.ActiveCfg = Release_CUDA|Win32
		{4DE251D8-5FB3-437C-97E0-E3226E5B5BA4}.Release_CUDA|Win32.Build.0 = Release_CUDA|Win32
		{4DE251D8-5FB3-437C-97E0-E3226E5B5BA4}.Release_CUDA|x64.ActiveCfg = Release_CUDA|Win32
		{4DE251D8-5FB3-437C-97E0-E3226E5B5BA4}.Release|Win32.ActiveCfg = Release|Win32
		{4DE251D8-5FB3-437C-97E0-E3226E5B5BA4}.Release|Win32.Build.0 = Release|Win32
		{4DE251D8-5FB3-437C-97E0-E3226E5B5BA4}.Release|x64.ActiveCfg = Release|Win32
		{3654E3D8-ECAB-4800-97AC-1034D7D169D4}.Debug|Win32.ActiveCfg = Debug|Win32
		{3654E3D8-ECAB-4800-97AC-1034D7D169D4}.Debug|Win32.Build.0 = Debug|Win32
		{3654E3D8-ECAB-4800-97AC-1034D7D169D4}.Debug|x64.ActiveCfg = Debug|Win32
		{3654E3D8-ECAB-4800-97AC-1034D7D169D4}.Release_CUDA|Win32.ActiveCfg = Release_CUDA|Win32
		{3654E3D8-ECAB-4800-97AC-1034D7D169D4}.Release_CUDA|Win32.Build.0 = Release_CUDA|Win32
		{3654E3D8-ECAB-4800-97AC-1034D7D169D4}.Release_CUDA|x64.ActiveCfg = Release_CUDA|Win32
		{3654E3D8-ECAB-4800-97AC-1034D7D169D4}.Release|Win32.ActiveCfg = Release|Win32
		{3654E3D8-ECAB-4800-97AC-1034D7D169D4}.Release|Win32.Build.0 = Release|Win32
		{3654E3D8-ECAB-4800-97AC-1034D7D169D4}.Release|x64.ActiveCfg = Release|Win32
		{C28B4754-2914-4255-94C9-17ACFE443585}.Debug|Win32.ActiveCfg = Debug|Win32
		{C28B4754-2914-4255-94C9-17ACFE443585}.Debug|Win32.Build.0 = Debug|Win32
		{C28B4754-2914-4255-94C9-17ACFE443585}.Debug|x64.ActiveCfg = Debug|Win32
		{C28B4754-2914-4255-94C9-17ACFE443585}.Release_CUDA|Win32.ActiveCfg = Release_CUDA|Win32
		{C28B4754-2914-4255-94C9-17ACFE443585}.Release_CUDA|Win32.Build.0 = Release_CUDA|Win32
		{C28B4754-2914-4255-94C9-17ACFE443585}.Release_CUDA|x64.ActiveCfg = Release_CUDA|Win32
		{C28B4754-2914-4255-94C9-17ACFE443585}.Release|Win32.ActiveCfg = Release|Win32
		{C28B4754-2914-4255-94C9-17ACFE443585}.Release|Win32.Build.0 = Release|Win32
		{C28B4754-2914-4255-94C9-17ACFE443585}.Release|x64.ActiveCfg = Release|Win32
		{83534E46-A188-4F8E-AFF3-9EC9E87DB537}.Debug|Win32.ActiveCfg = Debug|Win32
		{83534E46-A188-4F8E-AFF3-9EC9E87DB537}.Debug|Win32.Build.0 = Debug|Win32
		{83534E46-A188-4F8E-AFF3-9EC9E87DB537}.Debug|x64.ActiveCfg = Debug|x64
		{83534E46-A188-4F8E-AFF3-9EC9E87DB537}.Debug|x64.Build.0 = Debug|x64
		{83534E46-A188-4F8E-AFF3-9EC9E87DB537}.Release_CUDA|Win32.ActiveCfg = Release_CUDA|Win32
		{83534E46-A188-4F8E-AFF3-9EC9E87DB537}.Release_CUDA|Win32.Build.0 = Release_CUDA|Win32
		{83534E46-A188-4F8E-AFF3-9EC9E87DB537}.Release_CUDA|x64.ActiveCfg = Release_CUDA|x64
		{83534E46-A188-4F8E-AFF3-9EC9E87DB537}.Release_CUDA|x64.Build.0 = Release_CUDA|x64
		{83534E46-A188-4F8E-AFF3-9EC9E87DB537}.Release|Win32.ActiveCfg = Release|Win32
		{83534E46-A188-4F8E-AFF3-9EC9E87DB537}.Release|Win32.Build.0 = Release|Win32
		{83534E46-A188-4F8E-AFF3-9EC9E87DB537}.Release|x64.ActiveCfg = Release|x64
		{83534E46-A188-4F8E-AFF3-9EC9E87DB537}.Release|x64.Build.0 = Release|x64
		{2452AC95-6350-401A-8A01-C494B2CF3482}.Debug|Win32.ActiveCfg = Debug|Win32
		{2452AC95-6350-401A-8A01-C494B2CF3482}.Debug|Win32.Build.0 = Debug|Win32
		{2452AC95-6350-401A-8A01-C494B2CF3482}.Debug|x64.ActiveCfg = Debug|Win32
		{2452AC95-6350-401A-8A01-C494B2CF3482}.Release_CUDA|Win32.ActiveCfg = Release_CUDA|Win32
		{2452AC95-6350-401A-8A01-C494B2CF3482}.Release_CUDA|Win32.Build.0 = Release_CUDA|Win32
		{2452AC95-6350-401A-8A01-C494B2CF3482}.Release_CUDA|x64.ActiveCfg = Release_CUDA|Win32
		{2452AC95-6350-401A-8A01-C494B2CF3482}.Release|Win32.ActiveCfg = Release|Win32
		{2452AC95-6350-401A-8A01-C494B2CF3482}.Release|Win32.Build.0 = Release|Win32
		{2452AC95-6350-401A-8A01-C494B2CF3482}.Release|x64.ActiveCfg = Release|Win32
		{C561C1B1-A211-4CEC-BBC2-BC85D81DA119}.Debug|Win32.ActiveCfg = Debug|Win32
		{C561C1B1-A211-4CEC-BBC2-BC85D81DA119}.Debug|Win32.Build.0 = Debug|Win32
		{C561C1B1-A211-4CEC-BBC2-BC85D81DA119}.Debug|x64.ActiveCfg = Debug|Win32
		{C561C1B1-A211-4CEC-BBC2-BC85D81DA119}.Release_CUDA|Win32.ActiveCfg = Release_CUDA|Win32
		{C561C1B1-A211-4CEC-BBC2-BC85D81DA119}.Release_CUDA|Win32.Build.0 = Release_CUDA|Win32
		{C561C1B1-A211-4CEC-BBC2-BC85D81DA119}.Release_CUDA|x64.ActiveCfg = Release_CUDA|Win32
		{C561C1B1-A211-4CEC-BBC2-BC85D81DA119}.Release|Win32.ActiveCfg = Release|Win32
		{C561C1B1-A211-4CEC-BBC2-BC85D81DA119}.Release|Win32.Build.0 = Release|Win32
		{C561C1B1-A211-4CEC-BBC2-BC85D81DA119}.Release|x64.ActiveCfg = Release|Win32
		{15CBFEFF-7965-41F5-B4E2-21E8795C9159}.Debug|Win32.ActiveCfg = Debug|Win32
		{15CBFEFF-7965-41F5-B4E2-21E8795C9159}.Debug|Win32.Build.0 = Debug|Win32
		{15CBFEFF-7965-41F5-B4E2-21E8795C9159}.Debug|x64.ActiveCfg = Debug|x64
		{15CBFEFF-7965-41F5-B4E2-21E8795C9159}.Debug|x64.Build.0 = Debug|x64
		{15CBFEFF-7965-41F5-B4E2-21E8795C9159}.Release_CUDA|Win32.ActiveCfg = Release_CUDA|Win32
		{15CBFEFF-7965-41F5-B4E2-21E8795C9159}.Release_CUDA|Win32.Build.0 = Release_CUDA|Win32
		{15CBFEFF-7965-41F5-B4E2-21E8795C9159}.Release_CUDA|x64.ActiveCfg = Release_CUDA|x64
		{15CBFEFF-7965-41F5-B4E2-21E8795C9159}.Release_CUDA|x64.Build.0 = Release_CUDA|x64
		{15CBFEFF-7965-41F5-B4E2-21E8795C9159}.Release|Win32.ActiveCfg = Release|Win32
		{15CBFEFF-7965-41F5-B4E2-21E8795C9159}.Release|Win32.Build.0 = Release|Win32
		{15CBFEFF-7965-41F5-B4E2-21E8795C9159}.Release|x64.ActiveCfg = Release|x64
		{15CBFEFF-7965-41F5-B4E2-21E8795C9159}.Release|x64.Build.0 = Release|x64
		{CEBDE98B-A6AA-46E6-BC79-FAAF823DB9EC}.Debug|Win32.ActiveCfg = Debug|Win32
		{CEBDE98B-A6AA-46E6-BC79-FAAF823DB9EC}.Debug|Win32.Build.0 = Debug|Win32
		{CEBDE98B-A6AA-46E6-BC79-FAAF823DB9EC}.Debug|x64.ActiveCfg = Debug|x64
		{CEBDE98B-A6AA-46E6-BC79-FAAF823DB9EC}.Debug|x64.Build.0 = Debug|x64
		{CEBDE98B-A6AA-46E6-BC79-FAAF823DB9EC}.Release_CUDA|Win32.ActiveCfg = Release_CUDA|Win32
		{CEBDE98B-A6AA-46E6-BC79-FAAF823DB9EC}.Release_CUDA|Win32.Build.0 = Release_CUDA|Win32
		{CEBDE98B-A6AA-46E6-BC79-FAAF823DB9EC}.Release_CUDA|x64.ActiveCfg = Release_CUDA|x64
		{CEBDE98B-A6AA-46E6-BC79-FAAF823DB9EC}.Release_CUDA|x64.Build.0 = Release_CUDA|x64
		{CEBDE98B-A6AA-46E6-BC79-FAAF823DB9EC}.Release|Win32.ActiveCfg = Release|Win32
		{CEBDE98B-A6AA-46E6-BC79-FAAF823DB9EC}.Release|Win32.Build.0 = Release|Win32
		{CEBDE98B-A6AA-46E6-BC79-FAAF823DB9EC}.Release|x64.ActiveCfg = Release|x64
		{CEBDE98B-A6AA-46E6-BC79-FAAF823DB9EC}.Release|x64.Build.0 = Release|x64
		{3A214E06-B95E-4D61-A291-1F8DF2EC10FD}.Debug|Win32.ActiveCfg = Debug|Win32
		{3A214E06-B95E-4D61-A291-1F8DF2EC10FD}.Debug|Win32.Build.0 = Debug|Win32
		{3A214E06-B95E-4D61-A291-1F8DF2EC10FD}.Debug|x64.ActiveCfg = Debug|x64
		{3A214E06-B95E-4D61-A291-1F8DF2EC10FD}.Debug|x64.Build.0 = Debug|x64
		{3A214E06-B95E-4D61-A291-1F8DF2EC10FD}.Release_CUDA|Win32.ActiveCfg = Release_CUDA|Win32
		{3A214E06-B95E-4D61-A291-1F8DF2EC10FD}.Release_CUDA|Win32.Build.0 = Release_CUDA|Win32
		{3A214E06-B95E-4D61-A291-1F8DF2EC10FD}.Release_CUDA|x64.ActiveCfg = Release_CUDA|x64
		{3A214E06-B95E-4D61-A291-1F8DF2EC10FD}.Release_CUDA|x64.Build.0 = Release_CUDA|x64
		{3A214E06-B95E-4D61-A291-1F8DF2EC10FD}.Release|Win32.ActiveCfg = Release|Win32
		{3A214E06-B95E-4D61-A291-1F8DF2EC10FD}.Release|Win32.Build.0 = Release|Win32
		{3A214E06-B95E-4D61-A291-1F8DF2EC10FD}.Release|x64.ActiveCfg = Release|x64
		{3A214E06-B95E-4D61-A291-1F8DF2EC10FD}.Release|x64.Build.0 = Release|x64
		{0C54D5E3-74FE-4731-B287-8078451EFECB}.Debug|Win32.ActiveCfg = Debug|Win32
		{0C54D5E3-74FE-4731-B287-8078451EFECB}.Debug|Win32.Build.0 = Debug|Win32
		{0C54D5E3-74FE-4731-B287-8078451EFECB}.Debug|x64.ActiveCfg = Debug|Win32
		{0C54D5E3-74FE-4731-B287-8078451EFECB}.Release_CUDA|Win32.ActiveCfg = Release_CUDA|Win32
		{0C54D5E3-74FE-4731-B287-8078451EFECB}.Release_CUDA|Win32.Build.0 = Release_CUDA|Win32
		{0C54D5E3-74FE-4731-B287-8078451EFECB}.Release_CUDA|x64.ActiveCfg = Release_CUDA|Win32
		{0C54D5E3-74FE-4731-B287-8078451EFECB}.Release|Win32.ActiveCfg = Release|Win32
		{0C54D5E3-74FE-4731-B287-8078451EFECB}.Release|Win32.Build.0 = Release|Win32
		{0C54D5E3-74FE-4731-B287-8078451EFECB}.Release|x64.ActiveCfg = Release|Win32
	EndGlobalSection
	GlobalSection(SolutionProperties) = preSolution
		HideSolutionNode = FALSE
	EndGlobalSection
	GlobalSection(NestedProjects) = preSolution
		{938E23B7-2436-4ECC-B960-6894655447F1} = {CC083821-BBEE-453A-93DC-5A1EEB84E724}
		{15CBFEFF-7965-41F5-B4E2-21E8795C9159} = {CC083821-BBEE-453A-93DC-5A1EEB84E724}
		{CEBDE98B-A6AA-46E6-BC79-FAAF823DB9EC} = {CC083821-BBEE-453A-93DC-5A1EEB84E724}
		{3A214E06-B95E-4D61-A291-1F8DF2EC10FD} = {CC083821-BBEE-453A-93DC-5A1EEB84E724}
		{05DE5C01-AA87-47F2-ADAA-7D078F6FFBB5} = {CD761B81-85D1-44A4-9AEC-AB0B76725F13}
		{251A6DE4-30F3-43A4-8315-AB4E306BD58D} = {CD761B81-85D1-44A4-9AEC-AB0B76725F13}
		{21090561-649B-4C3E-81D9-D9A08F53907D} = {CD761B81-85D1-44A4-9AEC-AB0B76725F13}
		{45675BA2-0159-409D-8302-876DDB232053} = {CD761B81-85D1-44A4-9AEC-AB0B76725F13}
		{2452AC95-6350-401A-8A01-C494B2CF3482} = {CD761B81-85D1-44A4-9AEC-AB0B76725F13}
		{C561C1B1-A211-4CEC-BBC2-BC85D81DA119} = {CD761B81-85D1-44A4-9AEC-AB0B76725F13}
		{0C54D5E3-74FE-4731-B287-8078451EFECB} = {CD761B81-85D1-44A4-9AEC-AB0B76725F13}
		{E1FD1E2C-FC17-44C8-A35D-FDED313E73D8} = {6E30EAAA-1BF8-443A-B9DD-630C61DAFF59}
		{3654E3D8-ECAB-4800-97AC-1034D7D169D4} = {6E30EAAA-1BF8-443A-B9DD-630C61DAFF59}
		{C28B4754-2914-4255-94C9-17ACFE443585} = {6E30EAAA-1BF8-443A-B9DD-630C61DAFF59}
		{83534E46-A188-4F8E-AFF3-9EC9E87DB537} = {6E30EAAA-1BF8-443A-B9DD-630C61DAFF59}
		{12B4F25E-B42E-413C-BCA6-BDC442689460} = {21090561-649B-4C3E-81D9-D9A08F53907D}
		{69D2F53D-33BC-4A9F-9EEB-722B2AC453A7} = {21090561-649B-4C3E-81D9-D9A08F53907D}
		{4DE251D8-5FB3-437C-97E0-E3226E5B5BA4} = {21090561-649B-4C3E-81D9-D9A08F53907D}
		{FB121685-00D9-4358-966E-F16220C57507} = {E1FD1E2C-FC17-44C8-A35D-FDED313E73D8}
	EndGlobalSection
EndGlobal
