
Microsoft Visual Studio Solution File, Format Version 9.00
# Visual Studio 2005
Project("{8BC9CEB8-8B4A-11D0-8D11-00A0C91BC942}") = "xrFSL_Core", "Core\Core.vcproj", "{889638C5-446B-4ED1-8A85-A40BA25A6A3D}"
EndProject
Project("{8BC9CEB8-8B4A-11D0-8D11-00A0C91BC942}") = "Test", "Test\Test.vcproj", "{F09F0E64-C451-4D42-8D31-915AFF970CEB}"
	ProjectSection(ProjectDependencies) = postProject
		{889638C5-446B-4ED1-8A85-A40BA25A6A3D} = {889638C5-446B-4ED1-8A85-A40BA25A6A3D}
	EndProjectSection
EndProject
Project("{8BC9CEB8-8B4A-11D0-8D11-00A0C91BC942}") = "xrFSL_ObjectPlugin", "ObjectPlugin\ObjectPlugin.vcproj", "{2EF5F406-2D29-48D3-B863-37898588A9FB}"
	ProjectSection(ProjectDependencies) = postProject
		{889638C5-446B-4ED1-8A85-A40BA25A6A3D} = {889638C5-446B-4ED1-8A85-A40BA25A6A3D}
	EndProjectSection
EndProject
Project("{8BC9CEB8-8B4A-11D0-8D11-00A0C91BC942}") = "xrFSL_MaterialPlugin", "materials\mtls.vcproj", "{AA9C8605-B6AF-46BC-A87F-E1B5CC78D689}"
EndProject
Global
	GlobalSection(SolutionConfigurationPlatforms) = preSolution
		Debug_max7|Win32 = Debug_max7|Win32
		Debug_max8|Win32 = Debug_max8|Win32
		Debug|Win32 = Debug|Win32
		Hybrid|Win32 = Hybrid|Win32
		Release_max7|Win32 = Release_max7|Win32
		Release_max8|Win32 = Release_max8|Win32
		Release|Win32 = Release|Win32
	EndGlobalSection
	GlobalSection(ProjectConfigurationPlatforms) = postSolution
		{889638C5-446B-4ED1-8A85-A40BA25A6A3D}.Debug_max7|Win32.ActiveCfg = Debug_max7|Win32
		{889638C5-446B-4ED1-8A85-A40BA25A6A3D}.Debug_max7|Win32.Build.0 = Debug_max7|Win32
		{889638C5-446B-4ED1-8A85-A40BA25A6A3D}.Debug_max8|Win32.ActiveCfg = Debug_max8|Win32
		{889638C5-446B-4ED1-8A85-A40BA25A6A3D}.Debug_max8|Win32.Build.0 = Debug_max8|Win32
		{889638C5-446B-4ED1-8A85-A40BA25A6A3D}.Debug|Win32.ActiveCfg = Debug|Win32
		{889638C5-446B-4ED1-8A85-A40BA25A6A3D}.Debug|Win32.Build.0 = Debug|Win32
		{889638C5-446B-4ED1-8A85-A40BA25A6A3D}.Hybrid|Win32.ActiveCfg = Release|Win32
		{889638C5-446B-4ED1-8A85-A40BA25A6A3D}.Hybrid|Win32.Build.0 = Release|Win32
		{889638C5-446B-4ED1-8A85-A40BA25A6A3D}.Release_max7|Win32.ActiveCfg = Release_max7|Win32
		{889638C5-446B-4ED1-8A85-A40BA25A6A3D}.Release_max7|Win32.Build.0 = Release_max7|Win32
		{889638C5-446B-4ED1-8A85-A40BA25A6A3D}.Release_max8|Win32.ActiveCfg = Release_max8|Win32
		{889638C5-446B-4ED1-8A85-A40BA25A6A3D}.Release_max8|Win32.Build.0 = Release_max8|Win32
		{889638C5-446B-4ED1-8A85-A40BA25A6A3D}.Release|Win32.ActiveCfg = Release|Win32
		{889638C5-446B-4ED1-8A85-A40BA25A6A3D}.Release|Win32.Build.0 = Release|Win32
		{F09F0E64-C451-4D42-8D31-915AFF970CEB}.Debug_max7|Win32.ActiveCfg = Debug_max7|Win32
		{F09F0E64-C451-4D42-8D31-915AFF970CEB}.Debug_max7|Win32.Build.0 = Debug_max7|Win32
		{F09F0E64-C451-4D42-8D31-915AFF970CEB}.Debug_max8|Win32.ActiveCfg = Debug_max8|Win32
		{F09F0E64-C451-4D42-8D31-915AFF970CEB}.Debug_max8|Win32.Build.0 = Debug_max8|Win32
		{F09F0E64-C451-4D42-8D31-915AFF970CEB}.Debug|Win32.ActiveCfg = Debug|Win32
		{F09F0E64-C451-4D42-8D31-915AFF970CEB}.Debug|Win32.Build.0 = Debug|Win32
		{F09F0E64-C451-4D42-8D31-915AFF970CEB}.Hybrid|Win32.ActiveCfg = Release|Win32
		{F09F0E64-C451-4D42-8D31-915AFF970CEB}.Hybrid|Win32.Build.0 = Release|Win32
		{F09F0E64-C451-4D42-8D31-915AFF970CEB}.Release_max7|Win32.ActiveCfg = Release_max7|Win32
		{F09F0E64-C451-4D42-8D31-915AFF970CEB}.Release_max7|Win32.Build.0 = Release_max7|Win32
		{F09F0E64-C451-4D42-8D31-915AFF970CEB}.Release_max8|Win32.ActiveCfg = Release_max8|Win32
		{F09F0E64-C451-4D42-8D31-915AFF970CEB}.Release_max8|Win32.Build.0 = Release_max8|Win32
		{F09F0E64-C451-4D42-8D31-915AFF970CEB}.Release|Win32.ActiveCfg = Release|Win32
		{F09F0E64-C451-4D42-8D31-915AFF970CEB}.Release|Win32.Build.0 = Release|Win32
		{2EF5F406-2D29-48D3-B863-37898588A9FB}.Debug_max7|Win32.ActiveCfg = Debug_max7|Win32
		{2EF5F406-2D29-48D3-B863-37898588A9FB}.Debug_max7|Win32.Build.0 = Debug_max7|Win32
		{2EF5F406-2D29-48D3-B863-37898588A9FB}.Debug_max8|Win32.ActiveCfg = Debug_max8|Win32
		{2EF5F406-2D29-48D3-B863-37898588A9FB}.Debug_max8|Win32.Build.0 = Debug_max8|Win32
		{2EF5F406-2D29-48D3-B863-37898588A9FB}.Debug|Win32.ActiveCfg = Debug|Win32
		{2EF5F406-2D29-48D3-B863-37898588A9FB}.Debug|Win32.Build.0 = Debug|Win32
		{2EF5F406-2D29-48D3-B863-37898588A9FB}.Hybrid|Win32.ActiveCfg = Hybrid|Win32
		{2EF5F406-2D29-48D3-B863-37898588A9FB}.Hybrid|Win32.Build.0 = Hybrid|Win32
		{2EF5F406-2D29-48D3-B863-37898588A9FB}.Release_max7|Win32.ActiveCfg = Release_max7|Win32
		{2EF5F406-2D29-48D3-B863-37898588A9FB}.Release_max7|Win32.Build.0 = Release_max7|Win32
		{2EF5F406-2D29-48D3-B863-37898588A9FB}.Release_max8|Win32.ActiveCfg = Release_max8|Win32
		{2EF5F406-2D29-48D3-B863-37898588A9FB}.Release_max8|Win32.Build.0 = Release_max8|Win32
		{2EF5F406-2D29-48D3-B863-37898588A9FB}.Release|Win32.ActiveCfg = Release|Win32
		{2EF5F406-2D29-48D3-B863-37898588A9FB}.Release|Win32.Build.0 = Release|Win32
		{AA9C8605-B6AF-46BC-A87F-E1B5CC78D689}.Debug_max7|Win32.ActiveCfg = Debug|Win32
		{AA9C8605-B6AF-46BC-A87F-E1B5CC78D689}.Debug_max7|Win32.Build.0 = Debug|Win32
		{AA9C8605-B6AF-46BC-A87F-E1B5CC78D689}.Debug_max8|Win32.ActiveCfg = Debug|Win32
		{AA9C8605-B6AF-46BC-A87F-E1B5CC78D689}.Debug_max8|Win32.Build.0 = Debug|Win32
		{AA9C8605-B6AF-46BC-A87F-E1B5CC78D689}.Debug|Win32.ActiveCfg = Debug|Win32
		{AA9C8605-B6AF-46BC-A87F-E1B5CC78D689}.Debug|Win32.Build.0 = Debug|Win32
		{AA9C8605-B6AF-46BC-A87F-E1B5CC78D689}.Hybrid|Win32.ActiveCfg = Hybrid|Win32
		{AA9C8605-B6AF-46BC-A87F-E1B5CC78D689}.Hybrid|Win32.Build.0 = Hybrid|Win32
		{AA9C8605-B6AF-46BC-A87F-E1B5CC78D689}.Release_max7|Win32.ActiveCfg = Release|Win32
		{AA9C8605-B6AF-46BC-A87F-E1B5CC78D689}.Release_max7|Win32.Build.0 = Release|Win32
		{AA9C8605-B6AF-46BC-A87F-E1B5CC78D689}.Release_max8|Win32.ActiveCfg = Release|Win32
		{AA9C8605-B6AF-46BC-A87F-E1B5CC78D689}.Release_max8|Win32.Build.0 = Release|Win32
		{AA9C8605-B6AF-46BC-A87F-E1B5CC78D689}.Release|Win32.ActiveCfg = Release|Win32
		{AA9C8605-B6AF-46BC-A87F-E1B5CC78D689}.Release|Win32.Build.0 = Release|Win32
	EndGlobalSection
	GlobalSection(SolutionProperties) = preSolution
		HideSolutionNode = FALSE
	EndGlobalSection
EndGlobal
